{
    "_readme": [
        "This file locks the dependencies of your project to a known state",
        "Read more about it at https://getcomposer.org/doc/01-basic-usage.md#installing-dependencies",
        "This file is @generated automatically"
    ],
    "content-hash": "61d32c858675395d30861fe655eeae74",
    "packages": [
        {
            "name": "codeigniter/framework",
            "version": "3.1.13",
            "source": {
                "type": "git",
                "url": "https://github.com/bcit-ci/CodeIgniter.git",
                "reference": "bcb17eb8ba53a85de154439d0ab8ff1bed047bc9"
            },
            "dist": {
                "type": "zip",
                "url": "https://api.github.com/repos/bcit-ci/CodeIgniter/zipball/bcb17eb8ba53a85de154439d0ab8ff1bed047bc9",
                "reference": "bcb17eb8ba53a85de154439d0ab8ff1bed047bc9",
                "shasum": ""
            },
            "require": {
                "php": ">=5.3.7"
            },
            "require-dev": {
                "mikey179/vfsstream": "1.6.*",
                "phpunit/phpunit": "4.* || 5.* || 9.*"
            },
            "suggest": {
                "paragonie/random_compat": "Provides better randomness in PHP 5.x"
            },
            "type": "project",
            "notification-url": "https://packagist.org/downloads/",
            "license": [
                "MIT"
            ],
            "description": "The CodeIgniter framework",
            "homepage": "https://codeigniter.com",
            "support": {
                "forum": "http://forum.codeigniter.com/",
                "issues": "https://github.com/bcit-ci/CodeIgniter/issues",
                "slack": "https://codeigniterchat.slack.com",
                "source": "https://github.com/bcit-ci/CodeIgniter",
                "wiki": "https://github.com/bcit-ci/CodeIgniter/wiki"
            },
            "time": "2022-03-03T13:21:49+00:00"
        },
        {
            "name": "mervick/aes-everywhere",
            "version": "v1.1.3",
            "source": {
                "type": "git",
                "url": "https://github.com/mervick/aes-everywhere.git",
                "reference": "5b0078aa579b5f4775979ec9a1b8b3c8c2debdbc"
            },
            "dist": {
                "type": "zip",
                "url": "https://api.github.com/repos/mervick/aes-everywhere/zipball/5b0078aa579b5f4775979ec9a1b8b3c8c2debdbc",
                "reference": "5b0078aa579b5f4775979ec9a1b8b3c8c2debdbc",
                "shasum": ""
            },
            "require-dev": {
                "phpunit/phpunit": "^5"
            },
            "type": "library",
            "autoload": {
                "psr-4": {
                    "mervick\\aesEverywhere\\": "php//src//",
                    "mervick\\aesEverywhere\\tests\\": "php//tests//"
                }
            },
            "notification-url": "https://packagist.org/downloads/",
            "license": [
                "MIT"
            ],
            "authors": [
                {
                    "name": "Andrey Izman",
                    "email": "izmanw@gmail.com"
                }
            ],
            "description": "Aes Everywhere - Cross Language Encryption Library (AES/256/CBC/PKCS5)",
            "support": {
                "issues": "https://github.com/mervick/aes-everywhere/issues",
                "source": "https://github.com/mervick/aes-everywhere/tree/v1.1.3"
            },
            "time": "2019-09-15T19:41:29+00:00"
        }
    ],
    "packages-dev": [],
    "aliases": [],
    "minimum-stability": "stable",
    "stability-flags": [],
    "prefer-stable": false,
    "prefer-lowest": false,
    "platform": {
        "php": ">=5.4.0"
    },
    "platform-dev": [],
    "plugin-api-version": "2.3.0"
}
